
Microsoft Visual Studio Solution File, Format Version 12.00
# Visual Studio Version 17
VisualStudioVersion = 17.6.33723.286
MinimumVisualStudioVersion = 10.0.40219.1
Project("{D2ABAB84-BF74-430A-B69E-9DC6D40DDA17}") = "SP21-BCS-007_SSAS", "SP21-BCS-007_SSAS.dwproj", "{FACC0FF5-7B5F-4CEA-80DC-3B635DC9B02F}"
EndProject
Global
	GlobalSection(SolutionConfigurationPlatforms) = preSolution
		Development|Default = Development|Default
	EndGlobalSection
	GlobalSection(ProjectConfigurationPlatforms) = postSolution
		{FACC0FF5-7B5F-4CEA-80DC-3B635DC9B02F}.Development|Default.ActiveCfg = Development
		{FACC0FF5-7B5F-4CEA-80DC-3B635DC9B02F}.Development|Default.Build.0 = Development
		{FACC0FF5-7B5F-4CEA-80DC-3B635DC9B02F}.Development|Default.Deploy.0 = Development
	EndGlobalSection
	GlobalSection(SolutionProperties) = preSolution
		HideSolutionNode = FALSE
	EndGlobalSection
	GlobalSection(ExtensibilityGlobals) = postSolution
		SolutionGuid = {CDCDB322-D6BF-4C16-BA4E-0B8CAD069C0B}
	EndGlobalSection
EndGlobal
